
Microsoft Visual Studio Solution File, Format Version 12.00
# Visual Studio Version 17
VisualStudioVersion = 17.1.32210.238
MinimumVisualStudioVersion = 10.0.40219.1
Project("{9A19103F-16F7-4668-BE54-9A1E7A4F7556}") = "AuctionHouse.Api", "AuctionHouse.Api\AuctionHouse.Api.csproj", "{6987D56D-A97C-4247-8D61-C75F96417565}"
EndProject
Project("{9A19103F-16F7-4668-BE54-9A1E7A4F7556}") = "AuctionHouse.Application", "AuctionHouse.Application\AuctionHouse.Application.csproj", "{7E01952E-7492-4FE5-AC7F-694455E75A15}"
EndProject
Project("{9A19103F-16F7-4668-BE54-9A1E7A4F7556}") = "AuctionHouse.Infrastructure", "AuctionHouse.Infrastructure\AuctionHouse.Infrastructure.csproj", "{CA2978DD-5C44-4F55-9B41-585242061667}"
EndProject
Project("{9A19103F-16F7-4668-BE54-9A1E7A4F7556}") = "AuctionHouse.Domain", "AuctionHouse.Domain\AuctionHouse.Domain.csproj", "{ACE523AF-8122-4ACE-BE47-2E1C7E952AA1}"
EndProject
Project("{E53339B2-1760-4266-BCC7-CA923CBCF16C}") = "docker-compose", "docker-compose.dcproj", "{0B0EEACD-A1EC-43A1-AA95-024D2DE0FE23}"
EndProject
Global
	GlobalSection(SolutionConfigurationPlatforms) = preSolution
		Debug|Any CPU = Debug|Any CPU
		Release|Any CPU = Release|Any CPU
	EndGlobalSection
	GlobalSection(ProjectConfigurationPlatforms) = postSolution
		{6987D56D-A97C-4247-8D61-C75F96417565}.Debug|Any CPU.ActiveCfg = Debug|Any CPU
		{6987D56D-A97C-4247-8D61-C75F96417565}.Debug|Any CPU.Build.0 = Debug|Any CPU
		{6987D56D-A97C-4247-8D61-C75F96417565}.Release|Any CPU.ActiveCfg = Release|Any CPU
		{6987D56D-A97C-4247-8D61-C75F96417565}.Release|Any CPU.Build.0 = Release|Any CPU
		{7E01952E-7492-4FE5-AC7F-694455E75A15}.Debug|Any CPU.ActiveCfg = Debug|Any CPU
		{7E01952E-7492-4FE5-AC7F-694455E75A15}.Debug|Any CPU.Build.0 = Debug|Any CPU
		{7E01952E-7492-4FE5-AC7F-694455E75A15}.Release|Any CPU.ActiveCfg = Release|Any CPU
		{7E01952E-7492-4FE5-AC7F-694455E75A15}.Release|Any CPU.Build.0 = Release|Any CPU
		{CA2978DD-5C44-4F55-9B41-585242061667}.Debug|Any CPU.ActiveCfg = Debug|Any CPU
		{CA2978DD-5C44-4F55-9B41-585242061667}.Debug|Any CPU.Build.0 = Debug|Any CPU
		{CA2978DD-5C44-4F55-9B41-585242061667}.Release|Any CPU.ActiveCfg = Release|Any CPU
		{CA2978DD-5C44-4F55-9B41-585242061667}.Release|Any CPU.Build.0 = Release|Any CPU
		{ACE523AF-8122-4ACE-BE47-2E1C7E952AA1}.Debug|Any CPU.ActiveCfg = Debug|Any CPU
		{ACE523AF-8122-4ACE-BE47-2E1C7E952AA1}.Debug|Any CPU.Build.0 = Debug|Any CPU
		{ACE523AF-8122-4ACE-BE47-2E1C7E952AA1}.Release|Any CPU.ActiveCfg = Release|Any CPU
		{ACE523AF-8122-4ACE-BE47-2E1C7E952AA1}.Release|Any CPU.Build.0 = Release|Any CPU
		{0B0EEACD-A1EC-43A1-AA95-024D2DE0FE23}.Debug|Any CPU.ActiveCfg = Debug|Any CPU
		{0B0EEACD-A1EC-43A1-AA95-024D2DE0FE23}.Debug|Any CPU.Build.0 = Debug|Any CPU
		{0B0EEACD-A1EC-43A1-AA95-024D2DE0FE23}.Release|Any CPU.ActiveCfg = Release|Any CPU
		{0B0EEACD-A1EC-43A1-AA95-024D2DE0FE23}.Release|Any CPU.Build.0 = Release|Any CPU
	EndGlobalSection
	GlobalSection(SolutionProperties) = preSolution
		HideSolutionNode = FALSE
	EndGlobalSection
	GlobalSection(ExtensibilityGlobals) = postSolution
		SolutionGuid = {6AEB1397-F72B-42AF-B82A-BBFECBB960B5}
	EndGlobalSection
EndGlobal
